
Microsoft Visual Studio Solution File, Format Version 12.00
# Visual Studio Version 17
VisualStudioVersion = 17.0.32112.339
MinimumVisualStudioVersion = 10.0.40219.1
Project("{FAE04EC0-301F-11D3-BF4B-00C04F79EFBC}") = "HashTable", "HashTable.csproj", "{83F1D9D2-0D95-46FF-9CCD-C867E4097314}"
EndProject
Global
	GlobalSection(SolutionConfigurationPlatforms) = preSolution
		Debug|Any CPU = Debug|Any CPU
		Release|Any CPU = Release|Any CPU
	EndGlobalSection
	GlobalSection(ProjectConfigurationPlatforms) = postSolution
		{83F1D9D2-0D95-46FF-9CCD-C867E4097314}.Debug|Any CPU.ActiveCfg = Debug|Any CPU
		{83F1D9D2-0D95-46FF-9CCD-C867E4097314}.Debug|Any CPU.Build.0 = Debug|Any CPU
		{83F1D9D2-0D95-46FF-9CCD-C867E4097314}.Release|Any CPU.ActiveCfg = Release|Any CPU
		{83F1D9D2-0D95-46FF-9CCD-C867E4097314}.Release|Any CPU.Build.0 = Release|Any CPU
	EndGlobalSection
	GlobalSection(SolutionProperties) = preSolution
		HideSolutionNode = FALSE
	EndGlobalSection
	GlobalSection(ExtensibilityGlobals) = postSolution
		SolutionGuid = {084E34C4-C949-4BC9-AC52-0D3A4578DA7F}
	EndGlobalSection
EndGlobal
